
Microsoft Visual Studio Solution File, Format Version 12.00
# Visual Studio 15
VisualStudioVersion = 15.0.27130.2027
MinimumVisualStudioVersion = 10.0.40219.1
Project("{9A19103F-16F7-4668-BE54-9A1E7A4F7556}") = "ATM.Web", "ATM.Web\ATM.Web.csproj", "{11299C87-3BC0-4DE2-B164-B47E69979AD0}"
EndProject
Project("{9A19103F-16F7-4668-BE54-9A1E7A4F7556}") = "ATM.API", "ATM.API\ATM.API.csproj", "{615A0D9C-703F-42D7-9A70-694A66010B25}"
EndProject
Project("{FAE04EC0-301F-11D3-BF4B-00C04F79EFBC}") = "ATM.API.Tests", "ATM.API.Tests\ATM.API.Tests.csproj", "{CF22632C-DEBF-4E13-8813-8D84596EF99C}"
EndProject
Global
	GlobalSection(SolutionConfigurationPlatforms) = preSolution
		Debug|Any CPU = Debug|Any CPU
		Release|Any CPU = Release|Any CPU
	EndGlobalSection
	GlobalSection(ProjectConfigurationPlatforms) = postSolution
		{11299C87-3BC0-4DE2-B164-B47E69979AD0}.Debug|Any CPU.ActiveCfg = Debug|Any CPU
		{11299C87-3BC0-4DE2-B164-B47E69979AD0}.Debug|Any CPU.Build.0 = Debug|Any CPU
		{11299C87-3BC0-4DE2-B164-B47E69979AD0}.Release|Any CPU.ActiveCfg = Release|Any CPU
		{11299C87-3BC0-4DE2-B164-B47E69979AD0}.Release|Any CPU.Build.0 = Release|Any CPU
		{615A0D9C-703F-42D7-9A70-694A66010B25}.Debug|Any CPU.ActiveCfg = Debug|Any CPU
		{615A0D9C-703F-42D7-9A70-694A66010B25}.Debug|Any CPU.Build.0 = Debug|Any CPU
		{615A0D9C-703F-42D7-9A70-694A66010B25}.Release|Any CPU.ActiveCfg = Release|Any CPU
		{615A0D9C-703F-42D7-9A70-694A66010B25}.Release|Any CPU.Build.0 = Release|Any CPU
		{CF22632C-DEBF-4E13-8813-8D84596EF99C}.Debug|Any CPU.ActiveCfg = Debug|Any CPU
		{CF22632C-DEBF-4E13-8813-8D84596EF99C}.Debug|Any CPU.Build.0 = Debug|Any CPU
		{CF22632C-DEBF-4E13-8813-8D84596EF99C}.Release|Any CPU.ActiveCfg = Release|Any CPU
		{CF22632C-DEBF-4E13-8813-8D84596EF99C}.Release|Any CPU.Build.0 = Release|Any CPU
	EndGlobalSection
	GlobalSection(SolutionProperties) = preSolution
		HideSolutionNode = FALSE
	EndGlobalSection
	GlobalSection(ExtensibilityGlobals) = postSolution
		SolutionGuid = {B26DEA21-44C9-4E26-8B01-99A5F4596B08}
	EndGlobalSection
EndGlobal
